
Microsoft Visual Studio Solution File, Format Version 12.00
# Visual Studio Version 16
VisualStudioVersion = 16.0.31624.102
MinimumVisualStudioVersion = 10.0.40219.1
Project("{8BC9CEB8-8B4A-11D0-8D11-00A0C91BC942}") = "7weeks_03_union_ipAddress", "7weeks_03_union_ipAddress.vcxproj", "{9447BB10-8745-49F4-A6A5-DFC6B63B8278}"
EndProject
Global
	GlobalSection(SolutionConfigurationPlatforms) = preSolution
		Debug|x64 = Debug|x64
		Debug|x86 = Debug|x86
		Release|x64 = Release|x64
		Release|x86 = Release|x86
	EndGlobalSection
	GlobalSection(ProjectConfigurationPlatforms) = postSolution
		{9447BB10-8745-49F4-A6A5-DFC6B63B8278}.Debug|x64.ActiveCfg = Debug|x64
		{9447BB10-8745-49F4-A6A5-DFC6B63B8278}.Debug|x64.Build.0 = Debug|x64
		{9447BB10-8745-49F4-A6A5-DFC6B63B8278}.Debug|x86.ActiveCfg = Debug|Win32
		{9447BB10-8745-49F4-A6A5-DFC6B63B8278}.Debug|x86.Build.0 = Debug|Win32
		{9447BB10-8745-49F4-A6A5-DFC6B63B8278}.Release|x64.ActiveCfg = Release|x64
		{9447BB10-8745-49F4-A6A5-DFC6B63B8278}.Release|x64.Build.0 = Release|x64
		{9447BB10-8745-49F4-A6A5-DFC6B63B8278}.Release|x86.ActiveCfg = Release|Win32
		{9447BB10-8745-49F4-A6A5-DFC6B63B8278}.Release|x86.Build.0 = Release|Win32
	EndGlobalSection
	GlobalSection(SolutionProperties) = preSolution
		HideSolutionNode = FALSE
	EndGlobalSection
	GlobalSection(ExtensibilityGlobals) = postSolution
		SolutionGuid = {0AC1CE32-DE06-4179-8031-69AEF838DA15}
	EndGlobalSection
EndGlobal
