
Microsoft Visual Studio Solution File, Format Version 12.00
# Visual Studio Version 16
VisualStudioVersion = 16.0.31205.134
MinimumVisualStudioVersion = 10.0.40219.1
Project("{8BC9CEB8-8B4A-11D0-8D11-00A0C91BC942}") = "test3052", "test3052\test3052.vcxproj", "{F16844B4-0AD0-4334-8B82-E6468E49C790}"
EndProject
Global
	GlobalSection(SolutionConfigurationPlatforms) = preSolution
		Debug|x64 = Debug|x64
		Debug|x86 = Debug|x86
		Release|x64 = Release|x64
		Release|x86 = Release|x86
	EndGlobalSection
	GlobalSection(ProjectConfigurationPlatforms) = postSolution
		{F16844B4-0AD0-4334-8B82-E6468E49C790}.Debug|x64.ActiveCfg = Debug|x64
		{F16844B4-0AD0-4334-8B82-E6468E49C790}.Debug|x64.Build.0 = Debug|x64
		{F16844B4-0AD0-4334-8B82-E6468E49C790}.Debug|x86.ActiveCfg = Debug|Win32
		{F16844B4-0AD0-4334-8B82-E6468E49C790}.Debug|x86.Build.0 = Debug|Win32
		{F16844B4-0AD0-4334-8B82-E6468E49C790}.Release|x64.ActiveCfg = Release|x64
		{F16844B4-0AD0-4334-8B82-E6468E49C790}.Release|x64.Build.0 = Release|x64
		{F16844B4-0AD0-4334-8B82-E6468E49C790}.Release|x86.ActiveCfg = Release|Win32
		{F16844B4-0AD0-4334-8B82-E6468E49C790}.Release|x86.Build.0 = Release|Win32
	EndGlobalSection
	GlobalSection(SolutionProperties) = preSolution
		HideSolutionNode = FALSE
	EndGlobalSection
	GlobalSection(ExtensibilityGlobals) = postSolution
		SolutionGuid = {A1964FC5-1C08-488B-99F3-DB35A9C469D3}
	EndGlobalSection
EndGlobal
