
Microsoft Visual Studio Solution File, Format Version 12.00
# Visual Studio Version 16
VisualStudioVersion = 16.0.31005.135
MinimumVisualStudioVersion = 10.0.40219.1
Project("{8BC9CEB8-8B4A-11D0-8D11-00A0C91BC942}") = "Project116", "Project116\Project116.vcxproj", "{D31B7B19-9D9F-48EB-8A43-BB1AD62BCB44}"
EndProject
Global
	GlobalSection(SolutionConfigurationPlatforms) = preSolution
		Debug|x64 = Debug|x64
		Debug|x86 = Debug|x86
		Release|x64 = Release|x64
		Release|x86 = Release|x86
	EndGlobalSection
	GlobalSection(ProjectConfigurationPlatforms) = postSolution
		{D31B7B19-9D9F-48EB-8A43-BB1AD62BCB44}.Debug|x64.ActiveCfg = Debug|x64
		{D31B7B19-9D9F-48EB-8A43-BB1AD62BCB44}.Debug|x64.Build.0 = Debug|x64
		{D31B7B19-9D9F-48EB-8A43-BB1AD62BCB44}.Debug|x86.ActiveCfg = Debug|Win32
		{D31B7B19-9D9F-48EB-8A43-BB1AD62BCB44}.Debug|x86.Build.0 = Debug|Win32
		{D31B7B19-9D9F-48EB-8A43-BB1AD62BCB44}.Release|x64.ActiveCfg = Release|x64
		{D31B7B19-9D9F-48EB-8A43-BB1AD62BCB44}.Release|x64.Build.0 = Release|x64
		{D31B7B19-9D9F-48EB-8A43-BB1AD62BCB44}.Release|x86.ActiveCfg = Release|Win32
		{D31B7B19-9D9F-48EB-8A43-BB1AD62BCB44}.Release|x86.Build.0 = Release|Win32
	EndGlobalSection
	GlobalSection(SolutionProperties) = preSolution
		HideSolutionNode = FALSE
	EndGlobalSection
	GlobalSection(ExtensibilityGlobals) = postSolution
		SolutionGuid = {EC5C1E76-98C6-42AB-B34A-F136C3F400D7}
	EndGlobalSection
EndGlobal
