
Microsoft Visual Studio Solution File, Format Version 12.00
# Visual Studio Version 16
VisualStudioVersion = 16.0.31005.135
MinimumVisualStudioVersion = 10.0.40219.1
Project("{8BC9CEB8-8B4A-11D0-8D11-00A0C91BC942}") = "Project177", "Project177\Project177.vcxproj", "{53290EE4-23E5-4DBC-9134-8354CA5AFE40}"
EndProject
Global
	GlobalSection(SolutionConfigurationPlatforms) = preSolution
		Debug|x64 = Debug|x64
		Debug|x86 = Debug|x86
		Release|x64 = Release|x64
		Release|x86 = Release|x86
	EndGlobalSection
	GlobalSection(ProjectConfigurationPlatforms) = postSolution
		{53290EE4-23E5-4DBC-9134-8354CA5AFE40}.Debug|x64.ActiveCfg = Debug|x64
		{53290EE4-23E5-4DBC-9134-8354CA5AFE40}.Debug|x64.Build.0 = Debug|x64
		{53290EE4-23E5-4DBC-9134-8354CA5AFE40}.Debug|x86.ActiveCfg = Debug|Win32
		{53290EE4-23E5-4DBC-9134-8354CA5AFE40}.Debug|x86.Build.0 = Debug|Win32
		{53290EE4-23E5-4DBC-9134-8354CA5AFE40}.Release|x64.ActiveCfg = Release|x64
		{53290EE4-23E5-4DBC-9134-8354CA5AFE40}.Release|x64.Build.0 = Release|x64
		{53290EE4-23E5-4DBC-9134-8354CA5AFE40}.Release|x86.ActiveCfg = Release|Win32
		{53290EE4-23E5-4DBC-9134-8354CA5AFE40}.Release|x86.Build.0 = Release|Win32
	EndGlobalSection
	GlobalSection(SolutionProperties) = preSolution
		HideSolutionNode = FALSE
	EndGlobalSection
	GlobalSection(ExtensibilityGlobals) = postSolution
		SolutionGuid = {A0E4E88E-8792-44D3-81D0-6FF3C1406E22}
	EndGlobalSection
EndGlobal
