
Microsoft Visual Studio Solution File, Format Version 12.00
# Visual Studio Version 16
VisualStudioVersion = 16.0.31005.135
MinimumVisualStudioVersion = 10.0.40219.1
Project("{8BC9CEB8-8B4A-11D0-8D11-00A0C91BC942}") = "Project182", "Project182\Project182.vcxproj", "{F9E035FE-2228-4710-895F-960B5DB756CD}"
EndProject
Global
	GlobalSection(SolutionConfigurationPlatforms) = preSolution
		Debug|x64 = Debug|x64
		Debug|x86 = Debug|x86
		Release|x64 = Release|x64
		Release|x86 = Release|x86
	EndGlobalSection
	GlobalSection(ProjectConfigurationPlatforms) = postSolution
		{F9E035FE-2228-4710-895F-960B5DB756CD}.Debug|x64.ActiveCfg = Debug|x64
		{F9E035FE-2228-4710-895F-960B5DB756CD}.Debug|x64.Build.0 = Debug|x64
		{F9E035FE-2228-4710-895F-960B5DB756CD}.Debug|x86.ActiveCfg = Debug|Win32
		{F9E035FE-2228-4710-895F-960B5DB756CD}.Debug|x86.Build.0 = Debug|Win32
		{F9E035FE-2228-4710-895F-960B5DB756CD}.Release|x64.ActiveCfg = Release|x64
		{F9E035FE-2228-4710-895F-960B5DB756CD}.Release|x64.Build.0 = Release|x64
		{F9E035FE-2228-4710-895F-960B5DB756CD}.Release|x86.ActiveCfg = Release|Win32
		{F9E035FE-2228-4710-895F-960B5DB756CD}.Release|x86.Build.0 = Release|Win32
	EndGlobalSection
	GlobalSection(SolutionProperties) = preSolution
		HideSolutionNode = FALSE
	EndGlobalSection
	GlobalSection(ExtensibilityGlobals) = postSolution
		SolutionGuid = {7829F289-FC03-4FBE-9395-752E8D4CA020}
	EndGlobalSection
EndGlobal
