
Microsoft Visual Studio Solution File, Format Version 12.00
# Visual Studio Version 16
VisualStudioVersion = 16.0.31424.327
MinimumVisualStudioVersion = 10.0.40219.1
Project("{8BC9CEB8-8B4A-11D0-8D11-00A0C91BC942}") = "2weeks_07_pointer_cal", "2weeks_07_pointer_cal\2weeks_07_pointer_cal.vcxproj", "{ABAC4D55-CF74-4027-B195-A78FBA87518F}"
EndProject
Global
	GlobalSection(SolutionConfigurationPlatforms) = preSolution
		Debug|x64 = Debug|x64
		Debug|x86 = Debug|x86
		Release|x64 = Release|x64
		Release|x86 = Release|x86
	EndGlobalSection
	GlobalSection(ProjectConfigurationPlatforms) = postSolution
		{ABAC4D55-CF74-4027-B195-A78FBA87518F}.Debug|x64.ActiveCfg = Debug|x64
		{ABAC4D55-CF74-4027-B195-A78FBA87518F}.Debug|x64.Build.0 = Debug|x64
		{ABAC4D55-CF74-4027-B195-A78FBA87518F}.Debug|x86.ActiveCfg = Debug|Win32
		{ABAC4D55-CF74-4027-B195-A78FBA87518F}.Debug|x86.Build.0 = Debug|Win32
		{ABAC4D55-CF74-4027-B195-A78FBA87518F}.Release|x64.ActiveCfg = Release|x64
		{ABAC4D55-CF74-4027-B195-A78FBA87518F}.Release|x64.Build.0 = Release|x64
		{ABAC4D55-CF74-4027-B195-A78FBA87518F}.Release|x86.ActiveCfg = Release|Win32
		{ABAC4D55-CF74-4027-B195-A78FBA87518F}.Release|x86.Build.0 = Release|Win32
	EndGlobalSection
	GlobalSection(SolutionProperties) = preSolution
		HideSolutionNode = FALSE
	EndGlobalSection
	GlobalSection(ExtensibilityGlobals) = postSolution
		SolutionGuid = {34714785-0352-4199-8A7B-5A68ABA30E0E}
	EndGlobalSection
EndGlobal
