
Microsoft Visual Studio Solution File, Format Version 12.00
# Visual Studio Version 16
VisualStudioVersion = 16.0.31624.102
MinimumVisualStudioVersion = 10.0.40219.1
Project("{8BC9CEB8-8B4A-11D0-8D11-00A0C91BC942}") = "21_02_mid_test_pointer2", "21_02_mid_test_pointer2.vcxproj", "{014E542C-A026-454A-BD8E-357A88E27041}"
EndProject
Global
	GlobalSection(SolutionConfigurationPlatforms) = preSolution
		Debug|x64 = Debug|x64
		Debug|x86 = Debug|x86
		Release|x64 = Release|x64
		Release|x86 = Release|x86
	EndGlobalSection
	GlobalSection(ProjectConfigurationPlatforms) = postSolution
		{014E542C-A026-454A-BD8E-357A88E27041}.Debug|x64.ActiveCfg = Debug|x64
		{014E542C-A026-454A-BD8E-357A88E27041}.Debug|x64.Build.0 = Debug|x64
		{014E542C-A026-454A-BD8E-357A88E27041}.Debug|x86.ActiveCfg = Debug|Win32
		{014E542C-A026-454A-BD8E-357A88E27041}.Debug|x86.Build.0 = Debug|Win32
		{014E542C-A026-454A-BD8E-357A88E27041}.Release|x64.ActiveCfg = Release|x64
		{014E542C-A026-454A-BD8E-357A88E27041}.Release|x64.Build.0 = Release|x64
		{014E542C-A026-454A-BD8E-357A88E27041}.Release|x86.ActiveCfg = Release|Win32
		{014E542C-A026-454A-BD8E-357A88E27041}.Release|x86.Build.0 = Release|Win32
	EndGlobalSection
	GlobalSection(SolutionProperties) = preSolution
		HideSolutionNode = FALSE
	EndGlobalSection
	GlobalSection(ExtensibilityGlobals) = postSolution
		SolutionGuid = {13A05328-7F9B-424F-A2A6-CF9AAE01B941}
	EndGlobalSection
EndGlobal
