
Microsoft Visual Studio Solution File, Format Version 12.00
# Visual Studio Version 16
VisualStudioVersion = 16.0.31624.102
MinimumVisualStudioVersion = 10.0.40219.1
Project("{8BC9CEB8-8B4A-11D0-8D11-00A0C91BC942}") = "5weeks_06_charsearch", "5weeks_06_charsearch.vcxproj", "{19A30642-D934-404C-B9B1-72FA7AC9053F}"
EndProject
Global
	GlobalSection(SolutionConfigurationPlatforms) = preSolution
		Debug|x64 = Debug|x64
		Debug|x86 = Debug|x86
		Release|x64 = Release|x64
		Release|x86 = Release|x86
	EndGlobalSection
	GlobalSection(ProjectConfigurationPlatforms) = postSolution
		{19A30642-D934-404C-B9B1-72FA7AC9053F}.Debug|x64.ActiveCfg = Debug|x64
		{19A30642-D934-404C-B9B1-72FA7AC9053F}.Debug|x64.Build.0 = Debug|x64
		{19A30642-D934-404C-B9B1-72FA7AC9053F}.Debug|x86.ActiveCfg = Debug|Win32
		{19A30642-D934-404C-B9B1-72FA7AC9053F}.Debug|x86.Build.0 = Debug|Win32
		{19A30642-D934-404C-B9B1-72FA7AC9053F}.Release|x64.ActiveCfg = Release|x64
		{19A30642-D934-404C-B9B1-72FA7AC9053F}.Release|x64.Build.0 = Release|x64
		{19A30642-D934-404C-B9B1-72FA7AC9053F}.Release|x86.ActiveCfg = Release|Win32
		{19A30642-D934-404C-B9B1-72FA7AC9053F}.Release|x86.Build.0 = Release|Win32
	EndGlobalSection
	GlobalSection(SolutionProperties) = preSolution
		HideSolutionNode = FALSE
	EndGlobalSection
	GlobalSection(ExtensibilityGlobals) = postSolution
		SolutionGuid = {63B39DBC-4692-4C98-BB65-7BB2C111B3A4}
	EndGlobalSection
EndGlobal
