
Microsoft Visual Studio Solution File, Format Version 12.00
# Visual Studio Version 16
VisualStudioVersion = 16.0.31005.135
MinimumVisualStudioVersion = 10.0.40219.1
Project("{8BC9CEB8-8B4A-11D0-8D11-00A0C91BC942}") = "Project190", "Project190\Project190.vcxproj", "{B299AFE4-3230-4B4E-87DE-78C733A54259}"
EndProject
Global
	GlobalSection(SolutionConfigurationPlatforms) = preSolution
		Debug|x64 = Debug|x64
		Debug|x86 = Debug|x86
		Release|x64 = Release|x64
		Release|x86 = Release|x86
	EndGlobalSection
	GlobalSection(ProjectConfigurationPlatforms) = postSolution
		{B299AFE4-3230-4B4E-87DE-78C733A54259}.Debug|x64.ActiveCfg = Debug|x64
		{B299AFE4-3230-4B4E-87DE-78C733A54259}.Debug|x64.Build.0 = Debug|x64
		{B299AFE4-3230-4B4E-87DE-78C733A54259}.Debug|x86.ActiveCfg = Debug|Win32
		{B299AFE4-3230-4B4E-87DE-78C733A54259}.Debug|x86.Build.0 = Debug|Win32
		{B299AFE4-3230-4B4E-87DE-78C733A54259}.Release|x64.ActiveCfg = Release|x64
		{B299AFE4-3230-4B4E-87DE-78C733A54259}.Release|x64.Build.0 = Release|x64
		{B299AFE4-3230-4B4E-87DE-78C733A54259}.Release|x86.ActiveCfg = Release|Win32
		{B299AFE4-3230-4B4E-87DE-78C733A54259}.Release|x86.Build.0 = Release|Win32
	EndGlobalSection
	GlobalSection(SolutionProperties) = preSolution
		HideSolutionNode = FALSE
	EndGlobalSection
	GlobalSection(ExtensibilityGlobals) = postSolution
		SolutionGuid = {42CF3E97-A689-4FE0-901E-339794AA83DD}
	EndGlobalSection
EndGlobal
