
Microsoft Visual Studio Solution File, Format Version 12.00
# Visual Studio Version 16
VisualStudioVersion = 16.0.31624.102
MinimumVisualStudioVersion = 10.0.40219.1
Project("{8BC9CEB8-8B4A-11D0-8D11-00A0C91BC942}") = "9weeks_command_line_3", "9weeks_command_line_3.vcxproj", "{B90BA8A1-953C-4D1A-BD26-18EA2359CE8A}"
EndProject
Global
	GlobalSection(SolutionConfigurationPlatforms) = preSolution
		Debug|x64 = Debug|x64
		Debug|x86 = Debug|x86
		Release|x64 = Release|x64
		Release|x86 = Release|x86
	EndGlobalSection
	GlobalSection(ProjectConfigurationPlatforms) = postSolution
		{B90BA8A1-953C-4D1A-BD26-18EA2359CE8A}.Debug|x64.ActiveCfg = Debug|x64
		{B90BA8A1-953C-4D1A-BD26-18EA2359CE8A}.Debug|x64.Build.0 = Debug|x64
		{B90BA8A1-953C-4D1A-BD26-18EA2359CE8A}.Debug|x86.ActiveCfg = Debug|Win32
		{B90BA8A1-953C-4D1A-BD26-18EA2359CE8A}.Debug|x86.Build.0 = Debug|Win32
		{B90BA8A1-953C-4D1A-BD26-18EA2359CE8A}.Release|x64.ActiveCfg = Release|x64
		{B90BA8A1-953C-4D1A-BD26-18EA2359CE8A}.Release|x64.Build.0 = Release|x64
		{B90BA8A1-953C-4D1A-BD26-18EA2359CE8A}.Release|x86.ActiveCfg = Release|Win32
		{B90BA8A1-953C-4D1A-BD26-18EA2359CE8A}.Release|x86.Build.0 = Release|Win32
	EndGlobalSection
	GlobalSection(SolutionProperties) = preSolution
		HideSolutionNode = FALSE
	EndGlobalSection
	GlobalSection(ExtensibilityGlobals) = postSolution
		SolutionGuid = {8E14FD6A-F250-4C09-9EC1-74DD05F83472}
	EndGlobalSection
EndGlobal
