
Microsoft Visual Studio Solution File, Format Version 12.00
# Visual Studio Version 16
VisualStudioVersion = 16.0.31424.327
MinimumVisualStudioVersion = 10.0.40219.1
Project("{8BC9CEB8-8B4A-11D0-8D11-00A0C91BC942}") = "2weeks_06_pointer_cal", "2weeks_06_pointer_cal\2weeks_06_pointer_cal.vcxproj", "{ABE6BEE1-3C9C-4853-9F0B-B4476A31252D}"
EndProject
Global
	GlobalSection(SolutionConfigurationPlatforms) = preSolution
		Debug|x64 = Debug|x64
		Debug|x86 = Debug|x86
		Release|x64 = Release|x64
		Release|x86 = Release|x86
	EndGlobalSection
	GlobalSection(ProjectConfigurationPlatforms) = postSolution
		{ABE6BEE1-3C9C-4853-9F0B-B4476A31252D}.Debug|x64.ActiveCfg = Debug|x64
		{ABE6BEE1-3C9C-4853-9F0B-B4476A31252D}.Debug|x64.Build.0 = Debug|x64
		{ABE6BEE1-3C9C-4853-9F0B-B4476A31252D}.Debug|x86.ActiveCfg = Debug|Win32
		{ABE6BEE1-3C9C-4853-9F0B-B4476A31252D}.Debug|x86.Build.0 = Debug|Win32
		{ABE6BEE1-3C9C-4853-9F0B-B4476A31252D}.Release|x64.ActiveCfg = Release|x64
		{ABE6BEE1-3C9C-4853-9F0B-B4476A31252D}.Release|x64.Build.0 = Release|x64
		{ABE6BEE1-3C9C-4853-9F0B-B4476A31252D}.Release|x86.ActiveCfg = Release|Win32
		{ABE6BEE1-3C9C-4853-9F0B-B4476A31252D}.Release|x86.Build.0 = Release|Win32
	EndGlobalSection
	GlobalSection(SolutionProperties) = preSolution
		HideSolutionNode = FALSE
	EndGlobalSection
	GlobalSection(ExtensibilityGlobals) = postSolution
		SolutionGuid = {6198D587-0255-4806-A882-115A4024B444}
	EndGlobalSection
EndGlobal
