
Microsoft Visual Studio Solution File, Format Version 12.00
# Visual Studio Version 16
VisualStudioVersion = 16.0.31005.135
MinimumVisualStudioVersion = 10.0.40219.1
Project("{8BC9CEB8-8B4A-11D0-8D11-00A0C91BC942}") = "Project73", "Project73\Project73.vcxproj", "{F2D4B2AB-07F1-42F3-8422-16C6494BA512}"
EndProject
Global
	GlobalSection(SolutionConfigurationPlatforms) = preSolution
		Debug|x64 = Debug|x64
		Debug|x86 = Debug|x86
		Release|x64 = Release|x64
		Release|x86 = Release|x86
	EndGlobalSection
	GlobalSection(ProjectConfigurationPlatforms) = postSolution
		{F2D4B2AB-07F1-42F3-8422-16C6494BA512}.Debug|x64.ActiveCfg = Debug|x64
		{F2D4B2AB-07F1-42F3-8422-16C6494BA512}.Debug|x64.Build.0 = Debug|x64
		{F2D4B2AB-07F1-42F3-8422-16C6494BA512}.Debug|x86.ActiveCfg = Debug|Win32
		{F2D4B2AB-07F1-42F3-8422-16C6494BA512}.Debug|x86.Build.0 = Debug|Win32
		{F2D4B2AB-07F1-42F3-8422-16C6494BA512}.Release|x64.ActiveCfg = Release|x64
		{F2D4B2AB-07F1-42F3-8422-16C6494BA512}.Release|x64.Build.0 = Release|x64
		{F2D4B2AB-07F1-42F3-8422-16C6494BA512}.Release|x86.ActiveCfg = Release|Win32
		{F2D4B2AB-07F1-42F3-8422-16C6494BA512}.Release|x86.Build.0 = Release|Win32
	EndGlobalSection
	GlobalSection(SolutionProperties) = preSolution
		HideSolutionNode = FALSE
	EndGlobalSection
	GlobalSection(ExtensibilityGlobals) = postSolution
		SolutionGuid = {7D72F10F-EC01-4218-BDF9-27BD305CE4E3}
	EndGlobalSection
EndGlobal
