
Microsoft Visual Studio Solution File, Format Version 12.00
# Visual Studio Version 16
VisualStudioVersion = 16.0.31624.102
MinimumVisualStudioVersion = 10.0.40219.1
Project("{8BC9CEB8-8B4A-11D0-8D11-00A0C91BC942}") = "4weeks_getchar_putchar", "4weeks_getchar_putchar.vcxproj", "{916DFEE8-D7E6-422B-823A-ED04F8667B8E}"
EndProject
Global
	GlobalSection(SolutionConfigurationPlatforms) = preSolution
		Debug|x64 = Debug|x64
		Debug|x86 = Debug|x86
		Release|x64 = Release|x64
		Release|x86 = Release|x86
	EndGlobalSection
	GlobalSection(ProjectConfigurationPlatforms) = postSolution
		{916DFEE8-D7E6-422B-823A-ED04F8667B8E}.Debug|x64.ActiveCfg = Debug|x64
		{916DFEE8-D7E6-422B-823A-ED04F8667B8E}.Debug|x64.Build.0 = Debug|x64
		{916DFEE8-D7E6-422B-823A-ED04F8667B8E}.Debug|x86.ActiveCfg = Debug|Win32
		{916DFEE8-D7E6-422B-823A-ED04F8667B8E}.Debug|x86.Build.0 = Debug|Win32
		{916DFEE8-D7E6-422B-823A-ED04F8667B8E}.Release|x64.ActiveCfg = Release|x64
		{916DFEE8-D7E6-422B-823A-ED04F8667B8E}.Release|x64.Build.0 = Release|x64
		{916DFEE8-D7E6-422B-823A-ED04F8667B8E}.Release|x86.ActiveCfg = Release|Win32
		{916DFEE8-D7E6-422B-823A-ED04F8667B8E}.Release|x86.Build.0 = Release|Win32
	EndGlobalSection
	GlobalSection(SolutionProperties) = preSolution
		HideSolutionNode = FALSE
	EndGlobalSection
	GlobalSection(ExtensibilityGlobals) = postSolution
		SolutionGuid = {04D5F642-F603-45EE-BEFA-59E1E7E2777F}
	EndGlobalSection
EndGlobal
