
Microsoft Visual Studio Solution File, Format Version 12.00
# Visual Studio Version 16
VisualStudioVersion = 16.0.31624.102
MinimumVisualStudioVersion = 10.0.40219.1
Project("{8BC9CEB8-8B4A-11D0-8D11-00A0C91BC942}") = "6weeks_06_struct_function", "6weeks_06_struct_function.vcxproj", "{B985AB38-272C-4ECF-9226-C6B3AD920E9A}"
EndProject
Global
	GlobalSection(SolutionConfigurationPlatforms) = preSolution
		Debug|x64 = Debug|x64
		Debug|x86 = Debug|x86
		Release|x64 = Release|x64
		Release|x86 = Release|x86
	EndGlobalSection
	GlobalSection(ProjectConfigurationPlatforms) = postSolution
		{B985AB38-272C-4ECF-9226-C6B3AD920E9A}.Debug|x64.ActiveCfg = Debug|x64
		{B985AB38-272C-4ECF-9226-C6B3AD920E9A}.Debug|x64.Build.0 = Debug|x64
		{B985AB38-272C-4ECF-9226-C6B3AD920E9A}.Debug|x86.ActiveCfg = Debug|Win32
		{B985AB38-272C-4ECF-9226-C6B3AD920E9A}.Debug|x86.Build.0 = Debug|Win32
		{B985AB38-272C-4ECF-9226-C6B3AD920E9A}.Release|x64.ActiveCfg = Release|x64
		{B985AB38-272C-4ECF-9226-C6B3AD920E9A}.Release|x64.Build.0 = Release|x64
		{B985AB38-272C-4ECF-9226-C6B3AD920E9A}.Release|x86.ActiveCfg = Release|Win32
		{B985AB38-272C-4ECF-9226-C6B3AD920E9A}.Release|x86.Build.0 = Release|Win32
	EndGlobalSection
	GlobalSection(SolutionProperties) = preSolution
		HideSolutionNode = FALSE
	EndGlobalSection
	GlobalSection(ExtensibilityGlobals) = postSolution
		SolutionGuid = {FE18B7C7-D2E6-41EE-876A-EFA884EA8FCF}
	EndGlobalSection
EndGlobal
