
Microsoft Visual Studio Solution File, Format Version 12.00
# Visual Studio Version 16
VisualStudioVersion = 16.0.31005.135
MinimumVisualStudioVersion = 10.0.40219.1
Project("{8BC9CEB8-8B4A-11D0-8D11-00A0C91BC942}") = "Project57", "Project57\Project57.vcxproj", "{40A6427F-F54F-4F2A-AF08-6CE1C560C455}"
EndProject
Global
	GlobalSection(SolutionConfigurationPlatforms) = preSolution
		Debug|x64 = Debug|x64
		Debug|x86 = Debug|x86
		Release|x64 = Release|x64
		Release|x86 = Release|x86
	EndGlobalSection
	GlobalSection(ProjectConfigurationPlatforms) = postSolution
		{40A6427F-F54F-4F2A-AF08-6CE1C560C455}.Debug|x64.ActiveCfg = Debug|x64
		{40A6427F-F54F-4F2A-AF08-6CE1C560C455}.Debug|x64.Build.0 = Debug|x64
		{40A6427F-F54F-4F2A-AF08-6CE1C560C455}.Debug|x86.ActiveCfg = Debug|Win32
		{40A6427F-F54F-4F2A-AF08-6CE1C560C455}.Debug|x86.Build.0 = Debug|Win32
		{40A6427F-F54F-4F2A-AF08-6CE1C560C455}.Release|x64.ActiveCfg = Release|x64
		{40A6427F-F54F-4F2A-AF08-6CE1C560C455}.Release|x64.Build.0 = Release|x64
		{40A6427F-F54F-4F2A-AF08-6CE1C560C455}.Release|x86.ActiveCfg = Release|Win32
		{40A6427F-F54F-4F2A-AF08-6CE1C560C455}.Release|x86.Build.0 = Release|Win32
	EndGlobalSection
	GlobalSection(SolutionProperties) = preSolution
		HideSolutionNode = FALSE
	EndGlobalSection
	GlobalSection(ExtensibilityGlobals) = postSolution
		SolutionGuid = {A310F8D3-6026-4865-B640-554D41434829}
	EndGlobalSection
EndGlobal
