
Microsoft Visual Studio Solution File, Format Version 12.00
# Visual Studio Version 16
VisualStudioVersion = 16.0.31624.102
MinimumVisualStudioVersion = 10.0.40219.1
Project("{8BC9CEB8-8B4A-11D0-8D11-00A0C91BC942}") = "Basic_operator", "Basic_operator.vcxproj", "{63678F5B-522F-4E3E-B400-130F0F65FD3D}"
EndProject
Global
	GlobalSection(SolutionConfigurationPlatforms) = preSolution
		Debug|x64 = Debug|x64
		Debug|x86 = Debug|x86
		Release|x64 = Release|x64
		Release|x86 = Release|x86
	EndGlobalSection
	GlobalSection(ProjectConfigurationPlatforms) = postSolution
		{63678F5B-522F-4E3E-B400-130F0F65FD3D}.Debug|x64.ActiveCfg = Debug|x64
		{63678F5B-522F-4E3E-B400-130F0F65FD3D}.Debug|x64.Build.0 = Debug|x64
		{63678F5B-522F-4E3E-B400-130F0F65FD3D}.Debug|x86.ActiveCfg = Debug|Win32
		{63678F5B-522F-4E3E-B400-130F0F65FD3D}.Debug|x86.Build.0 = Debug|Win32
		{63678F5B-522F-4E3E-B400-130F0F65FD3D}.Release|x64.ActiveCfg = Release|x64
		{63678F5B-522F-4E3E-B400-130F0F65FD3D}.Release|x64.Build.0 = Release|x64
		{63678F5B-522F-4E3E-B400-130F0F65FD3D}.Release|x86.ActiveCfg = Release|Win32
		{63678F5B-522F-4E3E-B400-130F0F65FD3D}.Release|x86.Build.0 = Release|Win32
	EndGlobalSection
	GlobalSection(SolutionProperties) = preSolution
		HideSolutionNode = FALSE
	EndGlobalSection
	GlobalSection(ExtensibilityGlobals) = postSolution
		SolutionGuid = {41F64E09-E976-477C-8249-4700D02B1D40}
	EndGlobalSection
EndGlobal
