
Microsoft Visual Studio Solution File, Format Version 12.00
# Visual Studio Version 16
VisualStudioVersion = 16.0.31624.102
MinimumVisualStudioVersion = 10.0.40219.1
Project("{8BC9CEB8-8B4A-11D0-8D11-00A0C91BC942}") = "6weeks_01", "6weeks_01.vcxproj", "{D675E31B-924C-47CA-B0DA-2F5D744797B0}"
EndProject
Global
	GlobalSection(SolutionConfigurationPlatforms) = preSolution
		Debug|x64 = Debug|x64
		Debug|x86 = Debug|x86
		Release|x64 = Release|x64
		Release|x86 = Release|x86
	EndGlobalSection
	GlobalSection(ProjectConfigurationPlatforms) = postSolution
		{D675E31B-924C-47CA-B0DA-2F5D744797B0}.Debug|x64.ActiveCfg = Debug|x64
		{D675E31B-924C-47CA-B0DA-2F5D744797B0}.Debug|x64.Build.0 = Debug|x64
		{D675E31B-924C-47CA-B0DA-2F5D744797B0}.Debug|x86.ActiveCfg = Debug|Win32
		{D675E31B-924C-47CA-B0DA-2F5D744797B0}.Debug|x86.Build.0 = Debug|Win32
		{D675E31B-924C-47CA-B0DA-2F5D744797B0}.Release|x64.ActiveCfg = Release|x64
		{D675E31B-924C-47CA-B0DA-2F5D744797B0}.Release|x64.Build.0 = Release|x64
		{D675E31B-924C-47CA-B0DA-2F5D744797B0}.Release|x86.ActiveCfg = Release|Win32
		{D675E31B-924C-47CA-B0DA-2F5D744797B0}.Release|x86.Build.0 = Release|Win32
	EndGlobalSection
	GlobalSection(SolutionProperties) = preSolution
		HideSolutionNode = FALSE
	EndGlobalSection
	GlobalSection(ExtensibilityGlobals) = postSolution
		SolutionGuid = {1DC52699-C447-43CC-8CDC-E4691B0BE71D}
	EndGlobalSection
EndGlobal
