
Microsoft Visual Studio Solution File, Format Version 12.00
# Visual Studio Version 16
VisualStudioVersion = 16.0.31005.135
MinimumVisualStudioVersion = 10.0.40219.1
Project("{8BC9CEB8-8B4A-11D0-8D11-00A0C91BC942}") = "Project92", "Project92\Project92.vcxproj", "{970F5901-53AE-4779-B220-B6D2848760FB}"
EndProject
Global
	GlobalSection(SolutionConfigurationPlatforms) = preSolution
		Debug|x64 = Debug|x64
		Debug|x86 = Debug|x86
		Release|x64 = Release|x64
		Release|x86 = Release|x86
	EndGlobalSection
	GlobalSection(ProjectConfigurationPlatforms) = postSolution
		{970F5901-53AE-4779-B220-B6D2848760FB}.Debug|x64.ActiveCfg = Debug|x64
		{970F5901-53AE-4779-B220-B6D2848760FB}.Debug|x64.Build.0 = Debug|x64
		{970F5901-53AE-4779-B220-B6D2848760FB}.Debug|x86.ActiveCfg = Debug|Win32
		{970F5901-53AE-4779-B220-B6D2848760FB}.Debug|x86.Build.0 = Debug|Win32
		{970F5901-53AE-4779-B220-B6D2848760FB}.Release|x64.ActiveCfg = Release|x64
		{970F5901-53AE-4779-B220-B6D2848760FB}.Release|x64.Build.0 = Release|x64
		{970F5901-53AE-4779-B220-B6D2848760FB}.Release|x86.ActiveCfg = Release|Win32
		{970F5901-53AE-4779-B220-B6D2848760FB}.Release|x86.Build.0 = Release|Win32
	EndGlobalSection
	GlobalSection(SolutionProperties) = preSolution
		HideSolutionNode = FALSE
	EndGlobalSection
	GlobalSection(ExtensibilityGlobals) = postSolution
		SolutionGuid = {E9FA0503-A037-4225-979E-CD0194767FFC}
	EndGlobalSection
EndGlobal
