
Microsoft Visual Studio Solution File, Format Version 12.00
# Visual Studio Version 16
VisualStudioVersion = 16.0.31624.102
MinimumVisualStudioVersion = 10.0.40219.1
Project("{8BC9CEB8-8B4A-11D0-8D11-00A0C91BC942}") = "3weeks_pointer_array_6", "3weeks_pointer_array_6.vcxproj", "{C5BB458D-16BE-4D94-8009-4783EF9CB79B}"
EndProject
Global
	GlobalSection(SolutionConfigurationPlatforms) = preSolution
		Debug|x64 = Debug|x64
		Debug|x86 = Debug|x86
		Release|x64 = Release|x64
		Release|x86 = Release|x86
	EndGlobalSection
	GlobalSection(ProjectConfigurationPlatforms) = postSolution
		{C5BB458D-16BE-4D94-8009-4783EF9CB79B}.Debug|x64.ActiveCfg = Debug|x64
		{C5BB458D-16BE-4D94-8009-4783EF9CB79B}.Debug|x64.Build.0 = Debug|x64
		{C5BB458D-16BE-4D94-8009-4783EF9CB79B}.Debug|x86.ActiveCfg = Debug|Win32
		{C5BB458D-16BE-4D94-8009-4783EF9CB79B}.Debug|x86.Build.0 = Debug|Win32
		{C5BB458D-16BE-4D94-8009-4783EF9CB79B}.Release|x64.ActiveCfg = Release|x64
		{C5BB458D-16BE-4D94-8009-4783EF9CB79B}.Release|x64.Build.0 = Release|x64
		{C5BB458D-16BE-4D94-8009-4783EF9CB79B}.Release|x86.ActiveCfg = Release|Win32
		{C5BB458D-16BE-4D94-8009-4783EF9CB79B}.Release|x86.Build.0 = Release|Win32
	EndGlobalSection
	GlobalSection(SolutionProperties) = preSolution
		HideSolutionNode = FALSE
	EndGlobalSection
	GlobalSection(ExtensibilityGlobals) = postSolution
		SolutionGuid = {D0236AF9-FB1E-4D7E-A665-F298ABA1BE1E}
	EndGlobalSection
EndGlobal
