
Microsoft Visual Studio Solution File, Format Version 12.00
# Visual Studio Version 16
VisualStudioVersion = 16.0.31005.135
MinimumVisualStudioVersion = 10.0.40219.1
Project("{8BC9CEB8-8B4A-11D0-8D11-00A0C91BC942}") = "Project223", "Project223\Project223.vcxproj", "{337B9627-3774-4671-ACE1-F69A57A44679}"
EndProject
Global
	GlobalSection(SolutionConfigurationPlatforms) = preSolution
		Debug|x64 = Debug|x64
		Debug|x86 = Debug|x86
		Release|x64 = Release|x64
		Release|x86 = Release|x86
	EndGlobalSection
	GlobalSection(ProjectConfigurationPlatforms) = postSolution
		{337B9627-3774-4671-ACE1-F69A57A44679}.Debug|x64.ActiveCfg = Debug|x64
		{337B9627-3774-4671-ACE1-F69A57A44679}.Debug|x64.Build.0 = Debug|x64
		{337B9627-3774-4671-ACE1-F69A57A44679}.Debug|x86.ActiveCfg = Debug|Win32
		{337B9627-3774-4671-ACE1-F69A57A44679}.Debug|x86.Build.0 = Debug|Win32
		{337B9627-3774-4671-ACE1-F69A57A44679}.Release|x64.ActiveCfg = Release|x64
		{337B9627-3774-4671-ACE1-F69A57A44679}.Release|x64.Build.0 = Release|x64
		{337B9627-3774-4671-ACE1-F69A57A44679}.Release|x86.ActiveCfg = Release|Win32
		{337B9627-3774-4671-ACE1-F69A57A44679}.Release|x86.Build.0 = Release|Win32
	EndGlobalSection
	GlobalSection(SolutionProperties) = preSolution
		HideSolutionNode = FALSE
	EndGlobalSection
	GlobalSection(ExtensibilityGlobals) = postSolution
		SolutionGuid = {9F9A81CA-D36E-4367-9701-49188E4ABA2F}
	EndGlobalSection
EndGlobal
