
Microsoft Visual Studio Solution File, Format Version 12.00
# Visual Studio Version 16
VisualStudioVersion = 16.0.31005.135
MinimumVisualStudioVersion = 10.0.40219.1
Project("{8BC9CEB8-8B4A-11D0-8D11-00A0C91BC942}") = "Project245", "Project245\Project245.vcxproj", "{78F38E10-5FD7-4332-B63B-BFE2A4C05A7E}"
EndProject
Global
	GlobalSection(SolutionConfigurationPlatforms) = preSolution
		Debug|x64 = Debug|x64
		Debug|x86 = Debug|x86
		Release|x64 = Release|x64
		Release|x86 = Release|x86
	EndGlobalSection
	GlobalSection(ProjectConfigurationPlatforms) = postSolution
		{78F38E10-5FD7-4332-B63B-BFE2A4C05A7E}.Debug|x64.ActiveCfg = Debug|x64
		{78F38E10-5FD7-4332-B63B-BFE2A4C05A7E}.Debug|x64.Build.0 = Debug|x64
		{78F38E10-5FD7-4332-B63B-BFE2A4C05A7E}.Debug|x86.ActiveCfg = Debug|Win32
		{78F38E10-5FD7-4332-B63B-BFE2A4C05A7E}.Debug|x86.Build.0 = Debug|Win32
		{78F38E10-5FD7-4332-B63B-BFE2A4C05A7E}.Release|x64.ActiveCfg = Release|x64
		{78F38E10-5FD7-4332-B63B-BFE2A4C05A7E}.Release|x64.Build.0 = Release|x64
		{78F38E10-5FD7-4332-B63B-BFE2A4C05A7E}.Release|x86.ActiveCfg = Release|Win32
		{78F38E10-5FD7-4332-B63B-BFE2A4C05A7E}.Release|x86.Build.0 = Release|Win32
	EndGlobalSection
	GlobalSection(SolutionProperties) = preSolution
		HideSolutionNode = FALSE
	EndGlobalSection
	GlobalSection(ExtensibilityGlobals) = postSolution
		SolutionGuid = {6C62BCD6-10DD-472B-AF83-E14FE7702E8E}
	EndGlobalSection
EndGlobal
