
Microsoft Visual Studio Solution File, Format Version 12.00
# Visual Studio Version 16
VisualStudioVersion = 16.0.31005.135
MinimumVisualStudioVersion = 10.0.40219.1
Project("{8BC9CEB8-8B4A-11D0-8D11-00A0C91BC942}") = "Project184", "Project184\Project184.vcxproj", "{87FB6363-3260-48DF-884E-61A9B3C32AA0}"
EndProject
Global
	GlobalSection(SolutionConfigurationPlatforms) = preSolution
		Debug|x64 = Debug|x64
		Debug|x86 = Debug|x86
		Release|x64 = Release|x64
		Release|x86 = Release|x86
	EndGlobalSection
	GlobalSection(ProjectConfigurationPlatforms) = postSolution
		{87FB6363-3260-48DF-884E-61A9B3C32AA0}.Debug|x64.ActiveCfg = Debug|x64
		{87FB6363-3260-48DF-884E-61A9B3C32AA0}.Debug|x64.Build.0 = Debug|x64
		{87FB6363-3260-48DF-884E-61A9B3C32AA0}.Debug|x86.ActiveCfg = Debug|Win32
		{87FB6363-3260-48DF-884E-61A9B3C32AA0}.Debug|x86.Build.0 = Debug|Win32
		{87FB6363-3260-48DF-884E-61A9B3C32AA0}.Release|x64.ActiveCfg = Release|x64
		{87FB6363-3260-48DF-884E-61A9B3C32AA0}.Release|x64.Build.0 = Release|x64
		{87FB6363-3260-48DF-884E-61A9B3C32AA0}.Release|x86.ActiveCfg = Release|Win32
		{87FB6363-3260-48DF-884E-61A9B3C32AA0}.Release|x86.Build.0 = Release|Win32
	EndGlobalSection
	GlobalSection(SolutionProperties) = preSolution
		HideSolutionNode = FALSE
	EndGlobalSection
	GlobalSection(ExtensibilityGlobals) = postSolution
		SolutionGuid = {67B8DFA3-0082-4654-B0E6-7DA857589959}
	EndGlobalSection
EndGlobal
