
Microsoft Visual Studio Solution File, Format Version 12.00
# Visual Studio Version 16
VisualStudioVersion = 16.0.31005.135
MinimumVisualStudioVersion = 10.0.40219.1
Project("{8BC9CEB8-8B4A-11D0-8D11-00A0C91BC942}") = "Project84", "Project84\Project84.vcxproj", "{6F054BA7-8482-4125-B817-3E6A6D3FCF0E}"
EndProject
Global
	GlobalSection(SolutionConfigurationPlatforms) = preSolution
		Debug|x64 = Debug|x64
		Debug|x86 = Debug|x86
		Release|x64 = Release|x64
		Release|x86 = Release|x86
	EndGlobalSection
	GlobalSection(ProjectConfigurationPlatforms) = postSolution
		{6F054BA7-8482-4125-B817-3E6A6D3FCF0E}.Debug|x64.ActiveCfg = Debug|x64
		{6F054BA7-8482-4125-B817-3E6A6D3FCF0E}.Debug|x64.Build.0 = Debug|x64
		{6F054BA7-8482-4125-B817-3E6A6D3FCF0E}.Debug|x86.ActiveCfg = Debug|Win32
		{6F054BA7-8482-4125-B817-3E6A6D3FCF0E}.Debug|x86.Build.0 = Debug|Win32
		{6F054BA7-8482-4125-B817-3E6A6D3FCF0E}.Release|x64.ActiveCfg = Release|x64
		{6F054BA7-8482-4125-B817-3E6A6D3FCF0E}.Release|x64.Build.0 = Release|x64
		{6F054BA7-8482-4125-B817-3E6A6D3FCF0E}.Release|x86.ActiveCfg = Release|Win32
		{6F054BA7-8482-4125-B817-3E6A6D3FCF0E}.Release|x86.Build.0 = Release|Win32
	EndGlobalSection
	GlobalSection(SolutionProperties) = preSolution
		HideSolutionNode = FALSE
	EndGlobalSection
	GlobalSection(ExtensibilityGlobals) = postSolution
		SolutionGuid = {988346DE-F0BB-47DC-9E42-CDAB46005A5E}
	EndGlobalSection
EndGlobal
