
Microsoft Visual Studio Solution File, Format Version 12.00
# Visual Studio Version 16
VisualStudioVersion = 16.0.31424.327
MinimumVisualStudioVersion = 10.0.40219.1
Project("{8BC9CEB8-8B4A-11D0-8D11-00A0C91BC942}") = "ch03_RussianRoulette", "ch03_RussianRoulette\ch03_RussianRoulette.vcxproj", "{5158C5D7-D8BF-4D68-A7A0-E991959A3531}"
EndProject
Global
	GlobalSection(SolutionConfigurationPlatforms) = preSolution
		Debug|x64 = Debug|x64
		Debug|x86 = Debug|x86
		Release|x64 = Release|x64
		Release|x86 = Release|x86
	EndGlobalSection
	GlobalSection(ProjectConfigurationPlatforms) = postSolution
		{5158C5D7-D8BF-4D68-A7A0-E991959A3531}.Debug|x64.ActiveCfg = Debug|x64
		{5158C5D7-D8BF-4D68-A7A0-E991959A3531}.Debug|x64.Build.0 = Debug|x64
		{5158C5D7-D8BF-4D68-A7A0-E991959A3531}.Debug|x86.ActiveCfg = Debug|Win32
		{5158C5D7-D8BF-4D68-A7A0-E991959A3531}.Debug|x86.Build.0 = Debug|Win32
		{5158C5D7-D8BF-4D68-A7A0-E991959A3531}.Release|x64.ActiveCfg = Release|x64
		{5158C5D7-D8BF-4D68-A7A0-E991959A3531}.Release|x64.Build.0 = Release|x64
		{5158C5D7-D8BF-4D68-A7A0-E991959A3531}.Release|x86.ActiveCfg = Release|Win32
		{5158C5D7-D8BF-4D68-A7A0-E991959A3531}.Release|x86.Build.0 = Release|Win32
	EndGlobalSection
	GlobalSection(SolutionProperties) = preSolution
		HideSolutionNode = FALSE
	EndGlobalSection
	GlobalSection(ExtensibilityGlobals) = postSolution
		SolutionGuid = {5EA52AE4-13E4-4B56-8BA8-944E028953D6}
	EndGlobalSection
EndGlobal
