
Microsoft Visual Studio Solution File, Format Version 12.00
# Visual Studio Version 16
VisualStudioVersion = 16.0.31424.327
MinimumVisualStudioVersion = 10.0.40219.1
Project("{8BC9CEB8-8B4A-11D0-8D11-00A0C91BC942}") = "ch04_04_func_reverse", "ch04_04_func_reverse\ch04_04_func_reverse.vcxproj", "{AA99EE5B-7C6C-40B6-ADEA-D690540A7C04}"
EndProject
Global
	GlobalSection(SolutionConfigurationPlatforms) = preSolution
		Debug|x64 = Debug|x64
		Debug|x86 = Debug|x86
		Release|x64 = Release|x64
		Release|x86 = Release|x86
	EndGlobalSection
	GlobalSection(ProjectConfigurationPlatforms) = postSolution
		{AA99EE5B-7C6C-40B6-ADEA-D690540A7C04}.Debug|x64.ActiveCfg = Debug|x64
		{AA99EE5B-7C6C-40B6-ADEA-D690540A7C04}.Debug|x64.Build.0 = Debug|x64
		{AA99EE5B-7C6C-40B6-ADEA-D690540A7C04}.Debug|x86.ActiveCfg = Debug|Win32
		{AA99EE5B-7C6C-40B6-ADEA-D690540A7C04}.Debug|x86.Build.0 = Debug|Win32
		{AA99EE5B-7C6C-40B6-ADEA-D690540A7C04}.Release|x64.ActiveCfg = Release|x64
		{AA99EE5B-7C6C-40B6-ADEA-D690540A7C04}.Release|x64.Build.0 = Release|x64
		{AA99EE5B-7C6C-40B6-ADEA-D690540A7C04}.Release|x86.ActiveCfg = Release|Win32
		{AA99EE5B-7C6C-40B6-ADEA-D690540A7C04}.Release|x86.Build.0 = Release|Win32
	EndGlobalSection
	GlobalSection(SolutionProperties) = preSolution
		HideSolutionNode = FALSE
	EndGlobalSection
	GlobalSection(ExtensibilityGlobals) = postSolution
		SolutionGuid = {4279EEE3-6EB5-47C6-B800-519EF51E2AA9}
	EndGlobalSection
EndGlobal
