
Microsoft Visual Studio Solution File, Format Version 12.00
# Visual Studio Version 16
VisualStudioVersion = 16.0.31005.135
MinimumVisualStudioVersion = 10.0.40219.1
Project("{8BC9CEB8-8B4A-11D0-8D11-00A0C91BC942}") = "Project162", "Project162\Project162.vcxproj", "{D2DDF5E1-DFF9-4028-96B2-6F65DEEF93A9}"
EndProject
Global
	GlobalSection(SolutionConfigurationPlatforms) = preSolution
		Debug|x64 = Debug|x64
		Debug|x86 = Debug|x86
		Release|x64 = Release|x64
		Release|x86 = Release|x86
	EndGlobalSection
	GlobalSection(ProjectConfigurationPlatforms) = postSolution
		{D2DDF5E1-DFF9-4028-96B2-6F65DEEF93A9}.Debug|x64.ActiveCfg = Debug|x64
		{D2DDF5E1-DFF9-4028-96B2-6F65DEEF93A9}.Debug|x64.Build.0 = Debug|x64
		{D2DDF5E1-DFF9-4028-96B2-6F65DEEF93A9}.Debug|x86.ActiveCfg = Debug|Win32
		{D2DDF5E1-DFF9-4028-96B2-6F65DEEF93A9}.Debug|x86.Build.0 = Debug|Win32
		{D2DDF5E1-DFF9-4028-96B2-6F65DEEF93A9}.Release|x64.ActiveCfg = Release|x64
		{D2DDF5E1-DFF9-4028-96B2-6F65DEEF93A9}.Release|x64.Build.0 = Release|x64
		{D2DDF5E1-DFF9-4028-96B2-6F65DEEF93A9}.Release|x86.ActiveCfg = Release|Win32
		{D2DDF5E1-DFF9-4028-96B2-6F65DEEF93A9}.Release|x86.Build.0 = Release|Win32
	EndGlobalSection
	GlobalSection(SolutionProperties) = preSolution
		HideSolutionNode = FALSE
	EndGlobalSection
	GlobalSection(ExtensibilityGlobals) = postSolution
		SolutionGuid = {0E5FB529-FF6F-428D-8716-8A212C7770D3}
	EndGlobalSection
EndGlobal
